
Microsoft Visual Studio Solution File, Format Version 12.00
# Visual Studio Version 17
VisualStudioVersion = 17.10.35013.160
MinimumVisualStudioVersion = 10.0.40219.1
Project("{FAE04EC0-301F-11D3-BF4B-00C04F79EFBC}") = "CounterBabbel", "CounterBabbel\CounterBabbel.csproj", "{F27919AC-4BD5-4C3E-ACEB-7C9110726247}"
EndProject
Global
	GlobalSection(SolutionConfigurationPlatforms) = preSolution
		Debug|Any CPU = Debug|Any CPU
		Release|Any CPU = Release|Any CPU
	EndGlobalSection
	GlobalSection(ProjectConfigurationPlatforms) = postSolution
		{F27919AC-4BD5-4C3E-ACEB-7C9110726247}.Debug|Any CPU.ActiveCfg = Debug|Any CPU
		{F27919AC-4BD5-4C3E-ACEB-7C9110726247}.Debug|Any CPU.Build.0 = Debug|Any CPU
		{F27919AC-4BD5-4C3E-ACEB-7C9110726247}.Release|Any CPU.ActiveCfg = Release|Any CPU
		{F27919AC-4BD5-4C3E-ACEB-7C9110726247}.Release|Any CPU.Build.0 = Release|Any CPU
	EndGlobalSection
	GlobalSection(SolutionProperties) = preSolution
		HideSolutionNode = FALSE
	EndGlobalSection
	GlobalSection(ExtensibilityGlobals) = postSolution
		SolutionGuid = {30451824-5EAD-4C80-9499-3A164A274884}
	EndGlobalSection
EndGlobal
